
Microsoft Visual Studio Solution File, Format Version 12.00
# Visual Studio 14
VisualStudioVersion = 14.0.23107.0
MinimumVisualStudioVersion = 10.0.40219.1
Project("{FAE04EC0-301F-11D3-BF4B-00C04F79EFBC}") = "nanofunds", "nanofunds\nanofunds.csproj", "{EAE635C7-B682-4B28-BFDE-5A58C7E20A6D}"
EndProject
Project("{FAE04EC0-301F-11D3-BF4B-00C04F79EFBC}") = "nanofunds.Tests", "nanofunds.Tests\nanofunds.Tests.csproj", "{40337DBC-F19C-478C-851C-AC4A4E6C85B6}"
EndProject
Project("{FAE04EC0-301F-11D3-BF4B-00C04F79EFBC}") = "nanofunds.Console", "nanofunds.Console\nanofunds.Console.csproj", "{5ABDEE40-F899-4F1D-B17B-B39B1E8E1178}"
EndProject
Global
	GlobalSection(SolutionConfigurationPlatforms) = preSolution
		Debug|Any CPU = Debug|Any CPU
		Release|Any CPU = Release|Any CPU
	EndGlobalSection
	GlobalSection(ProjectConfigurationPlatforms) = postSolution
		{EAE635C7-B682-4B28-BFDE-5A58C7E20A6D}.Debug|Any CPU.ActiveCfg = Debug|Any CPU
		{EAE635C7-B682-4B28-BFDE-5A58C7E20A6D}.Debug|Any CPU.Build.0 = Debug|Any CPU
		{EAE635C7-B682-4B28-BFDE-5A58C7E20A6D}.Release|Any CPU.ActiveCfg = Release|Any CPU
		{EAE635C7-B682-4B28-BFDE-5A58C7E20A6D}.Release|Any CPU.Build.0 = Release|Any CPU
		{40337DBC-F19C-478C-851C-AC4A4E6C85B6}.Debug|Any CPU.ActiveCfg = Debug|Any CPU
		{40337DBC-F19C-478C-851C-AC4A4E6C85B6}.Debug|Any CPU.Build.0 = Debug|Any CPU
		{40337DBC-F19C-478C-851C-AC4A4E6C85B6}.Release|Any CPU.ActiveCfg = Release|Any CPU
		{40337DBC-F19C-478C-851C-AC4A4E6C85B6}.Release|Any CPU.Build.0 = Release|Any CPU
		{5ABDEE40-F899-4F1D-B17B-B39B1E8E1178}.Debug|Any CPU.ActiveCfg = Debug|Any CPU
		{5ABDEE40-F899-4F1D-B17B-B39B1E8E1178}.Debug|Any CPU.Build.0 = Debug|Any CPU
		{5ABDEE40-F899-4F1D-B17B-B39B1E8E1178}.Release|Any CPU.ActiveCfg = Release|Any CPU
		{5ABDEE40-F899-4F1D-B17B-B39B1E8E1178}.Release|Any CPU.Build.0 = Release|Any CPU
	EndGlobalSection
	GlobalSection(SolutionProperties) = preSolution
		HideSolutionNode = FALSE
	EndGlobalSection
EndGlobal
